
Microsoft Visual Studio Solution File, Format Version 12.00
# Visual Studio Version 16
VisualStudioVersion = 16.0.30907.101
MinimumVisualStudioVersion = 10.0.40219.1
Project("{9A19103F-16F7-4668-BE54-9A1E7A4F7556}") = "CeoSeoDataAccess", "CeoSeoDataAccess\CeoSeoDataAccess.csproj", "{62887EB9-3A2D-4C87-98E7-26533CCFCA0C}"
EndProject
Project("{9A19103F-16F7-4668-BE54-9A1E7A4F7556}") = "DataTransferObjects", "DataTransferObjects\DataTransferObjects.csproj", "{36083E79-CF7D-4C72-9195-E5E76DE8F365}"
EndProject
Project("{9A19103F-16F7-4668-BE54-9A1E7A4F7556}") = "CeoSeoViewModels", "ViewModels\CeoSeoViewModels.csproj", "{5099CCD4-440E-4168-B835-03FD06942CB9}"
EndProject
Project("{9A19103F-16F7-4668-BE54-9A1E7A4F7556}") = "CeoSeoCommon", "WpfCommon\CeoSeoCommon.csproj", "{6E53FA73-21F6-4422-BACF-CB732B0693A8}"
EndProject
Project("{9A19103F-16F7-4668-BE54-9A1E7A4F7556}") = "WpfCeoSeo", "WpfCeoSeo\WpfCeoSeo.csproj", "{28BF2805-84E1-4383-BA6B-FC82418CB7E5}"
EndProject
Project("{9A19103F-16F7-4668-BE54-9A1E7A4F7556}") = "UnitTests", "UnitTests\UnitTests.csproj", "{E2A85DB3-32F6-4276-9F89-FEC398871DA8}"
EndProject
Project("{9A19103F-16F7-4668-BE54-9A1E7A4F7556}") = "Messaging", "Messaging\Messaging.csproj", "{E913DF58-0698-4AEB-8276-D611EC387B0D}"
EndProject
Project("{2150E333-8FDC-42A3-9474-1A3956D46DE8}") = "Solution Items", "Solution Items", "{137A9E3A-85D7-49DE-919A-6BC8B3497DB4}"
	ProjectSection(SolutionItems) = preProject
		ProgramCapture.PNG = ProgramCapture.PNG
		ReadMe.md = ReadMe.md
	EndProjectSection
EndProject
Global
	GlobalSection(SolutionConfigurationPlatforms) = preSolution
		Debug|Any CPU = Debug|Any CPU
		Debug|x64 = Debug|x64
		Debug|x86 = Debug|x86
		Integration|Any CPU = Integration|Any CPU
		Integration|x64 = Integration|x64
		Integration|x86 = Integration|x86
		PreProduction_withUpdateService|Any CPU = PreProduction_withUpdateService|Any CPU
		PreProduction_withUpdateService|x64 = PreProduction_withUpdateService|x64
		PreProduction_withUpdateService|x86 = PreProduction_withUpdateService|x86
		PreProduction|Any CPU = PreProduction|Any CPU
		PreProduction|x64 = PreProduction|x64
		PreProduction|x86 = PreProduction|x86
		Release|Any CPU = Release|Any CPU
		Release|x64 = Release|x64
		Release|x86 = Release|x86
		UAT|Any CPU = UAT|Any CPU
		UAT|x64 = UAT|x64
		UAT|x86 = UAT|x86
	EndGlobalSection
	GlobalSection(ProjectConfigurationPlatforms) = postSolution
		{62887EB9-3A2D-4C87-98E7-26533CCFCA0C}.Debug|Any CPU.ActiveCfg = Debug|Any CPU
		{62887EB9-3A2D-4C87-98E7-26533CCFCA0C}.Debug|Any CPU.Build.0 = Debug|Any CPU
		{62887EB9-3A2D-4C87-98E7-26533CCFCA0C}.Debug|x64.ActiveCfg = Debug|Any CPU
		{62887EB9-3A2D-4C87-98E7-26533CCFCA0C}.Debug|x64.Build.0 = Debug|Any CPU
		{62887EB9-3A2D-4C87-98E7-26533CCFCA0C}.Debug|x86.ActiveCfg = Debug|Any CPU
		{62887EB9-3A2D-4C87-98E7-26533CCFCA0C}.Debug|x86.Build.0 = Debug|Any CPU
		{62887EB9-3A2D-4C87-98E7-26533CCFCA0C}.Integration|Any CPU.ActiveCfg = Release|Any CPU
		{62887EB9-3A2D-4C87-98E7-26533CCFCA0C}.Integration|Any CPU.Build.0 = Release|Any CPU
		{62887EB9-3A2D-4C87-98E7-26533CCFCA0C}.Integration|x64.ActiveCfg = Release|Any CPU
		{62887EB9-3A2D-4C87-98E7-26533CCFCA0C}.Integration|x64.Build.0 = Release|Any CPU
		{62887EB9-3A2D-4C87-98E7-26533CCFCA0C}.Integration|x86.ActiveCfg = Release|Any CPU
		{62887EB9-3A2D-4C87-98E7-26533CCFCA0C}.Integration|x86.Build.0 = Release|Any CPU
		{62887EB9-3A2D-4C87-98E7-26533CCFCA0C}.PreProduction_withUpdateService|Any CPU.ActiveCfg = Release|Any CPU
		{62887EB9-3A2D-4C87-98E7-26533CCFCA0C}.PreProduction_withUpdateService|Any CPU.Build.0 = Release|Any CPU
		{62887EB9-3A2D-4C87-98E7-26533CCFCA0C}.PreProduction_withUpdateService|x64.ActiveCfg = Release|Any CPU
		{62887EB9-3A2D-4C87-98E7-26533CCFCA0C}.PreProduction_withUpdateService|x64.Build.0 = Release|Any CPU
		{62887EB9-3A2D-4C87-98E7-26533CCFCA0C}.PreProduction_withUpdateService|x86.ActiveCfg = Release|Any CPU
		{62887EB9-3A2D-4C87-98E7-26533CCFCA0C}.PreProduction_withUpdateService|x86.Build.0 = Release|Any CPU
		{62887EB9-3A2D-4C87-98E7-26533CCFCA0C}.PreProduction|Any CPU.ActiveCfg = Release|Any CPU
		{62887EB9-3A2D-4C87-98E7-26533CCFCA0C}.PreProduction|Any CPU.Build.0 = Release|Any CPU
		{62887EB9-3A2D-4C87-98E7-26533CCFCA0C}.PreProduction|x64.ActiveCfg = Release|Any CPU
		{62887EB9-3A2D-4C87-98E7-26533CCFCA0C}.PreProduction|x64.Build.0 = Release|Any CPU
		{62887EB9-3A2D-4C87-98E7-26533CCFCA0C}.PreProduction|x86.ActiveCfg = Release|Any CPU
		{62887EB9-3A2D-4C87-98E7-26533CCFCA0C}.PreProduction|x86.Build.0 = Release|Any CPU
		{62887EB9-3A2D-4C87-98E7-26533CCFCA0C}.Release|Any CPU.ActiveCfg = Release|Any CPU
		{62887EB9-3A2D-4C87-98E7-26533CCFCA0C}.Release|Any CPU.Build.0 = Release|Any CPU
		{62887EB9-3A2D-4C87-98E7-26533CCFCA0C}.Release|x64.ActiveCfg = Release|Any CPU
		{62887EB9-3A2D-4C87-98E7-26533CCFCA0C}.Release|x64.Build.0 = Release|Any CPU
		{62887EB9-3A2D-4C87-98E7-26533CCFCA0C}.Release|x86.ActiveCfg = Release|Any CPU
		{62887EB9-3A2D-4C87-98E7-26533CCFCA0C}.Release|x86.Build.0 = Release|Any CPU
		{62887EB9-3A2D-4C87-98E7-26533CCFCA0C}.UAT|Any CPU.ActiveCfg = Release|Any CPU
		{62887EB9-3A2D-4C87-98E7-26533CCFCA0C}.UAT|Any CPU.Build.0 = Release|Any CPU
		{62887EB9-3A2D-4C87-98E7-26533CCFCA0C}.UAT|x64.ActiveCfg = Release|Any CPU
		{62887EB9-3A2D-4C87-98E7-26533CCFCA0C}.UAT|x64.Build.0 = Release|Any CPU
		{62887EB9-3A2D-4C87-98E7-26533CCFCA0C}.UAT|x86.ActiveCfg = Release|Any CPU
		{62887EB9-3A2D-4C87-98E7-26533CCFCA0C}.UAT|x86.Build.0 = Release|Any CPU
		{36083E79-CF7D-4C72-9195-E5E76DE8F365}.Debug|Any CPU.ActiveCfg = Debug|Any CPU
		{36083E79-CF7D-4C72-9195-E5E76DE8F365}.Debug|Any CPU.Build.0 = Debug|Any CPU
		{36083E79-CF7D-4C72-9195-E5E76DE8F365}.Debug|x64.ActiveCfg = Debug|Any CPU
		{36083E79-CF7D-4C72-9195-E5E76DE8F365}.Debug|x64.Build.0 = Debug|Any CPU
		{36083E79-CF7D-4C72-9195-E5E76DE8F365}.Debug|x86.ActiveCfg = Debug|Any CPU
		{36083E79-CF7D-4C72-9195-E5E76DE8F365}.Debug|x86.Build.0 = Debug|Any CPU
		{36083E79-CF7D-4C72-9195-E5E76DE8F365}.Integration|Any CPU.ActiveCfg = Release|Any CPU
		{36083E79-CF7D-4C72-9195-E5E76DE8F365}.Integration|Any CPU.Build.0 = Release|Any CPU
		{36083E79-CF7D-4C72-9195-E5E76DE8F365}.Integration|x64.ActiveCfg = Release|Any CPU
		{36083E79-CF7D-4C72-9195-E5E76DE8F365}.Integration|x64.Build.0 = Release|Any CPU
		{36083E79-CF7D-4C72-9195-E5E76DE8F365}.Integration|x86.ActiveCfg = Release|Any CPU
		{36083E79-CF7D-4C72-9195-E5E76DE8F365}.Integration|x86.Build.0 = Release|Any CPU
		{36083E79-CF7D-4C72-9195-E5E76DE8F365}.PreProduction_withUpdateService|Any CPU.ActiveCfg = Release|Any CPU
		{36083E79-CF7D-4C72-9195-E5E76DE8F365}.PreProduction_withUpdateService|Any CPU.Build.0 = Release|Any CPU
		{36083E79-CF7D-4C72-9195-E5E76DE8F365}.PreProduction_withUpdateService|x64.ActiveCfg = Release|Any CPU
		{36083E79-CF7D-4C72-9195-E5E76DE8F365}.PreProduction_withUpdateService|x64.Build.0 = Release|Any CPU
		{36083E79-CF7D-4C72-9195-E5E76DE8F365}.PreProduction_withUpdateService|x86.ActiveCfg = Release|Any CPU
		{36083E79-CF7D-4C72-9195-E5E76DE8F365}.PreProduction_withUpdateService|x86.Build.0 = Release|Any CPU
		{36083E79-CF7D-4C72-9195-E5E76DE8F365}.PreProduction|Any CPU.ActiveCfg = Release|Any CPU
		{36083E79-CF7D-4C72-9195-E5E76DE8F365}.PreProduction|Any CPU.Build.0 = Release|Any CPU
		{36083E79-CF7D-4C72-9195-E5E76DE8F365}.PreProduction|x64.ActiveCfg = Release|Any CPU
		{36083E79-CF7D-4C72-9195-E5E76DE8F365}.PreProduction|x64.Build.0 = Release|Any CPU
		{36083E79-CF7D-4C72-9195-E5E76DE8F365}.PreProduction|x86.ActiveCfg = Release|Any CPU
		{36083E79-CF7D-4C72-9195-E5E76DE8F365}.PreProduction|x86.Build.0 = Release|Any CPU
		{36083E79-CF7D-4C72-9195-E5E76DE8F365}.Release|Any CPU.ActiveCfg = Release|Any CPU
		{36083E79-CF7D-4C72-9195-E5E76DE8F365}.Release|Any CPU.Build.0 = Release|Any CPU
		{36083E79-CF7D-4C72-9195-E5E76DE8F365}.Release|x64.ActiveCfg = Release|Any CPU
		{36083E79-CF7D-4C72-9195-E5E76DE8F365}.Release|x64.Build.0 = Release|Any CPU
		{36083E79-CF7D-4C72-9195-E5E76DE8F365}.Release|x86.ActiveCfg = Release|Any CPU
		{36083E79-CF7D-4C72-9195-E5E76DE8F365}.Release|x86.Build.0 = Release|Any CPU
		{36083E79-CF7D-4C72-9195-E5E76DE8F365}.UAT|Any CPU.ActiveCfg = Release|Any CPU
		{36083E79-CF7D-4C72-9195-E5E76DE8F365}.UAT|Any CPU.Build.0 = Release|Any CPU
		{36083E79-CF7D-4C72-9195-E5E76DE8F365}.UAT|x64.ActiveCfg = Release|Any CPU
		{36083E79-CF7D-4C72-9195-E5E76DE8F365}.UAT|x64.Build.0 = Release|Any CPU
		{36083E79-CF7D-4C72-9195-E5E76DE8F365}.UAT|x86.ActiveCfg = Release|Any CPU
		{36083E79-CF7D-4C72-9195-E5E76DE8F365}.UAT|x86.Build.0 = Release|Any CPU
		{5099CCD4-440E-4168-B835-03FD06942CB9}.Debug|Any CPU.ActiveCfg = Debug|Any CPU
		{5099CCD4-440E-4168-B835-03FD06942CB9}.Debug|Any CPU.Build.0 = Debug|Any CPU
		{5099CCD4-440E-4168-B835-03FD06942CB9}.Debug|x64.ActiveCfg = Debug|Any CPU
		{5099CCD4-440E-4168-B835-03FD06942CB9}.Debug|x64.Build.0 = Debug|Any CPU
		{5099CCD4-440E-4168-B835-03FD06942CB9}.Debug|x86.ActiveCfg = Debug|Any CPU
		{5099CCD4-440E-4168-B835-03FD06942CB9}.Debug|x86.Build.0 = Debug|Any CPU
		{5099CCD4-440E-4168-B835-03FD06942CB9}.Integration|Any CPU.ActiveCfg = Release|Any CPU
		{5099CCD4-440E-4168-B835-03FD06942CB9}.Integration|Any CPU.Build.0 = Release|Any CPU
		{5099CCD4-440E-4168-B835-03FD06942CB9}.Integration|x64.ActiveCfg = Release|Any CPU
		{5099CCD4-440E-4168-B835-03FD06942CB9}.Integration|x64.Build.0 = Release|Any CPU
		{5099CCD4-440E-4168-B835-03FD06942CB9}.Integration|x86.ActiveCfg = Release|Any CPU
		{5099CCD4-440E-4168-B835-03FD06942CB9}.Integration|x86.Build.0 = Release|Any CPU
		{5099CCD4-440E-4168-B835-03FD06942CB9}.PreProduction_withUpdateService|Any CPU.ActiveCfg = Release|Any CPU
		{5099CCD4-440E-4168-B835-03FD06942CB9}.PreProduction_withUpdateService|Any CPU.Build.0 = Release|Any CPU
		{5099CCD4-440E-4168-B835-03FD06942CB9}.PreProduction_withUpdateService|x64.ActiveCfg = Release|Any CPU
		{5099CCD4-440E-4168-B835-03FD06942CB9}.PreProduction_withUpdateService|x64.Build.0 = Release|Any CPU
		{5099CCD4-440E-4168-B835-03FD06942CB9}.PreProduction_withUpdateService|x86.ActiveCfg = Release|Any CPU
		{5099CCD4-440E-4168-B835-03FD06942CB9}.PreProduction_withUpdateService|x86.Build.0 = Release|Any CPU
		{5099CCD4-440E-4168-B835-03FD06942CB9}.PreProduction|Any CPU.ActiveCfg = Release|Any CPU
		{5099CCD4-440E-4168-B835-03FD06942CB9}.PreProduction|Any CPU.Build.0 = Release|Any CPU
		{5099CCD4-440E-4168-B835-03FD06942CB9}.PreProduction|x64.ActiveCfg = Release|Any CPU
		{5099CCD4-440E-4168-B835-03FD06942CB9}.PreProduction|x64.Build.0 = Release|Any CPU
		{5099CCD4-440E-4168-B835-03FD06942CB9}.PreProduction|x86.ActiveCfg = Release|Any CPU
		{5099CCD4-440E-4168-B835-03FD06942CB9}.PreProduction|x86.Build.0 = Release|Any CPU
		{5099CCD4-440E-4168-B835-03FD06942CB9}.Release|Any CPU.ActiveCfg = Release|Any CPU
		{5099CCD4-440E-4168-B835-03FD06942CB9}.Release|Any CPU.Build.0 = Release|Any CPU
		{5099CCD4-440E-4168-B835-03FD06942CB9}.Release|x64.ActiveCfg = Release|Any CPU
		{5099CCD4-440E-4168-B835-03FD06942CB9}.Release|x64.Build.0 = Release|Any CPU
		{5099CCD4-440E-4168-B835-03FD06942CB9}.Release|x86.ActiveCfg = Release|Any CPU
		{5099CCD4-440E-4168-B835-03FD06942CB9}.Release|x86.Build.0 = Release|Any CPU
		{5099CCD4-440E-4168-B835-03FD06942CB9}.UAT|Any CPU.ActiveCfg = Release|Any CPU
		{5099CCD4-440E-4168-B835-03FD06942CB9}.UAT|Any CPU.Build.0 = Release|Any CPU
		{5099CCD4-440E-4168-B835-03FD06942CB9}.UAT|x64.ActiveCfg = Release|Any CPU
		{5099CCD4-440E-4168-B835-03FD06942CB9}.UAT|x64.Build.0 = Release|Any CPU
		{5099CCD4-440E-4168-B835-03FD06942CB9}.UAT|x86.ActiveCfg = Release|Any CPU
		{5099CCD4-440E-4168-B835-03FD06942CB9}.UAT|x86.Build.0 = Release|Any CPU
		{6E53FA73-21F6-4422-BACF-CB732B0693A8}.Debug|Any CPU.ActiveCfg = Debug|Any CPU
		{6E53FA73-21F6-4422-BACF-CB732B0693A8}.Debug|Any CPU.Build.0 = Debug|Any CPU
		{6E53FA73-21F6-4422-BACF-CB732B0693A8}.Debug|x64.ActiveCfg = Debug|Any CPU
		{6E53FA73-21F6-4422-BACF-CB732B0693A8}.Debug|x64.Build.0 = Debug|Any CPU
		{6E53FA73-21F6-4422-BACF-CB732B0693A8}.Debug|x86.ActiveCfg = Debug|Any CPU
		{6E53FA73-21F6-4422-BACF-CB732B0693A8}.Debug|x86.Build.0 = Debug|Any CPU
		{6E53FA73-21F6-4422-BACF-CB732B0693A8}.Integration|Any CPU.ActiveCfg = Release|Any CPU
		{6E53FA73-21F6-4422-BACF-CB732B0693A8}.Integration|Any CPU.Build.0 = Release|Any CPU
		{6E53FA73-21F6-4422-BACF-CB732B0693A8}.Integration|x64.ActiveCfg = Release|Any CPU
		{6E53FA73-21F6-4422-BACF-CB732B0693A8}.Integration|x64.Build.0 = Release|Any CPU
		{6E53FA73-21F6-4422-BACF-CB732B0693A8}.Integration|x86.ActiveCfg = Release|Any CPU
		{6E53FA73-21F6-4422-BACF-CB732B0693A8}.Integration|x86.Build.0 = Release|Any CPU
		{6E53FA73-21F6-4422-BACF-CB732B0693A8}.PreProduction_withUpdateService|Any CPU.ActiveCfg = Release|Any CPU
		{6E53FA73-21F6-4422-BACF-CB732B0693A8}.PreProduction_withUpdateService|Any CPU.Build.0 = Release|Any CPU
		{6E53FA73-21F6-4422-BACF-CB732B0693A8}.PreProduction_withUpdateService|x64.ActiveCfg = Release|Any CPU
		{6E53FA73-21F6-4422-BACF-CB732B0693A8}.PreProduction_withUpdateService|x64.Build.0 = Release|Any CPU
		{6E53FA73-21F6-4422-BACF-CB732B0693A8}.PreProduction_withUpdateService|x86.ActiveCfg = Release|Any CPU
		{6E53FA73-21F6-4422-BACF-CB732B0693A8}.PreProduction_withUpdateService|x86.Build.0 = Release|Any CPU
		{6E53FA73-21F6-4422-BACF-CB732B0693A8}.PreProduction|Any CPU.ActiveCfg = Release|Any CPU
		{6E53FA73-21F6-4422-BACF-CB732B0693A8}.PreProduction|Any CPU.Build.0 = Release|Any CPU
		{6E53FA73-21F6-4422-BACF-CB732B0693A8}.PreProduction|x64.ActiveCfg = Release|Any CPU
		{6E53FA73-21F6-4422-BACF-CB732B0693A8}.PreProduction|x64.Build.0 = Release|Any CPU
		{6E53FA73-21F6-4422-BACF-CB732B0693A8}.PreProduction|x86.ActiveCfg = Release|Any CPU
		{6E53FA73-21F6-4422-BACF-CB732B0693A8}.PreProduction|x86.Build.0 = Release|Any CPU
		{6E53FA73-21F6-4422-BACF-CB732B0693A8}.Release|Any CPU.ActiveCfg = Release|Any CPU
		{6E53FA73-21F6-4422-BACF-CB732B0693A8}.Release|Any CPU.Build.0 = Release|Any CPU
		{6E53FA73-21F6-4422-BACF-CB732B0693A8}.Release|x64.ActiveCfg = Release|Any CPU
		{6E53FA73-21F6-4422-BACF-CB732B0693A8}.Release|x64.Build.0 = Release|Any CPU
		{6E53FA73-21F6-4422-BACF-CB732B0693A8}.Release|x86.ActiveCfg = Release|Any CPU
		{6E53FA73-21F6-4422-BACF-CB732B0693A8}.Release|x86.Build.0 = Release|Any CPU
		{6E53FA73-21F6-4422-BACF-CB732B0693A8}.UAT|Any CPU.ActiveCfg = Release|Any CPU
		{6E53FA73-21F6-4422-BACF-CB732B0693A8}.UAT|Any CPU.Build.0 = Release|Any CPU
		{6E53FA73-21F6-4422-BACF-CB732B0693A8}.UAT|x64.ActiveCfg = Release|Any CPU
		{6E53FA73-21F6-4422-BACF-CB732B0693A8}.UAT|x64.Build.0 = Release|Any CPU
		{6E53FA73-21F6-4422-BACF-CB732B0693A8}.UAT|x86.ActiveCfg = Release|Any CPU
		{6E53FA73-21F6-4422-BACF-CB732B0693A8}.UAT|x86.Build.0 = Release|Any CPU
		{28BF2805-84E1-4383-BA6B-FC82418CB7E5}.Debug|Any CPU.ActiveCfg = Debug|Any CPU
		{28BF2805-84E1-4383-BA6B-FC82418CB7E5}.Debug|Any CPU.Build.0 = Debug|Any CPU
		{28BF2805-84E1-4383-BA6B-FC82418CB7E5}.Debug|x64.ActiveCfg = Debug|Any CPU
		{28BF2805-84E1-4383-BA6B-FC82418CB7E5}.Debug|x64.Build.0 = Debug|Any CPU
		{28BF2805-84E1-4383-BA6B-FC82418CB7E5}.Debug|x86.ActiveCfg = Debug|Any CPU
		{28BF2805-84E1-4383-BA6B-FC82418CB7E5}.Debug|x86.Build.0 = Debug|Any CPU
		{28BF2805-84E1-4383-BA6B-FC82418CB7E5}.Integration|Any CPU.ActiveCfg = Release|Any CPU
		{28BF2805-84E1-4383-BA6B-FC82418CB7E5}.Integration|Any CPU.Build.0 = Release|Any CPU
		{28BF2805-84E1-4383-BA6B-FC82418CB7E5}.Integration|x64.ActiveCfg = Release|Any CPU
		{28BF2805-84E1-4383-BA6B-FC82418CB7E5}.Integration|x64.Build.0 = Release|Any CPU
		{28BF2805-84E1-4383-BA6B-FC82418CB7E5}.Integration|x86.ActiveCfg = Release|Any CPU
		{28BF2805-84E1-4383-BA6B-FC82418CB7E5}.Integration|x86.Build.0 = Release|Any CPU
		{28BF2805-84E1-4383-BA6B-FC82418CB7E5}.PreProduction_withUpdateService|Any CPU.ActiveCfg = Release|Any CPU
		{28BF2805-84E1-4383-BA6B-FC82418CB7E5}.PreProduction_withUpdateService|Any CPU.Build.0 = Release|Any CPU
		{28BF2805-84E1-4383-BA6B-FC82418CB7E5}.PreProduction_withUpdateService|x64.ActiveCfg = Release|Any CPU
		{28BF2805-84E1-4383-BA6B-FC82418CB7E5}.PreProduction_withUpdateService|x64.Build.0 = Release|Any CPU
		{28BF2805-84E1-4383-BA6B-FC82418CB7E5}.PreProduction_withUpdateService|x86.ActiveCfg = Release|Any CPU
		{28BF2805-84E1-4383-BA6B-FC82418CB7E5}.PreProduction_withUpdateService|x86.Build.0 = Release|Any CPU
		{28BF2805-84E1-4383-BA6B-FC82418CB7E5}.PreProduction|Any CPU.ActiveCfg = Release|Any CPU
		{28BF2805-84E1-4383-BA6B-FC82418CB7E5}.PreProduction|Any CPU.Build.0 = Release|Any CPU
		{28BF2805-84E1-4383-BA6B-FC82418CB7E5}.PreProduction|x64.ActiveCfg = Release|Any CPU
		{28BF2805-84E1-4383-BA6B-FC82418CB7E5}.PreProduction|x64.Build.0 = Release|Any CPU
		{28BF2805-84E1-4383-BA6B-FC82418CB7E5}.PreProduction|x86.ActiveCfg = Release|Any CPU
		{28BF2805-84E1-4383-BA6B-FC82418CB7E5}.PreProduction|x86.Build.0 = Release|Any CPU
		{28BF2805-84E1-4383-BA6B-FC82418CB7E5}.Release|Any CPU.ActiveCfg = Release|Any CPU
		{28BF2805-84E1-4383-BA6B-FC82418CB7E5}.Release|Any CPU.Build.0 = Release|Any CPU
		{28BF2805-84E1-4383-BA6B-FC82418CB7E5}.Release|x64.ActiveCfg = Release|Any CPU
		{28BF2805-84E1-4383-BA6B-FC82418CB7E5}.Release|x64.Build.0 = Release|Any CPU
		{28BF2805-84E1-4383-BA6B-FC82418CB7E5}.Release|x86.ActiveCfg = Release|Any CPU
		{28BF2805-84E1-4383-BA6B-FC82418CB7E5}.Release|x86.Build.0 = Release|Any CPU
		{28BF2805-84E1-4383-BA6B-FC82418CB7E5}.UAT|Any CPU.ActiveCfg = Release|Any CPU
		{28BF2805-84E1-4383-BA6B-FC82418CB7E5}.UAT|Any CPU.Build.0 = Release|Any CPU
		{28BF2805-84E1-4383-BA6B-FC82418CB7E5}.UAT|x64.ActiveCfg = Release|Any CPU
		{28BF2805-84E1-4383-BA6B-FC82418CB7E5}.UAT|x64.Build.0 = Release|Any CPU
		{28BF2805-84E1-4383-BA6B-FC82418CB7E5}.UAT|x86.ActiveCfg = Release|Any CPU
		{28BF2805-84E1-4383-BA6B-FC82418CB7E5}.UAT|x86.Build.0 = Release|Any CPU
		{E2A85DB3-32F6-4276-9F89-FEC398871DA8}.Debug|Any CPU.ActiveCfg = Debug|Any CPU
		{E2A85DB3-32F6-4276-9F89-FEC398871DA8}.Debug|Any CPU.Build.0 = Debug|Any CPU
		{E2A85DB3-32F6-4276-9F89-FEC398871DA8}.Debug|x64.ActiveCfg = Debug|Any CPU
		{E2A85DB3-32F6-4276-9F89-FEC398871DA8}.Debug|x64.Build.0 = Debug|Any CPU
		{E2A85DB3-32F6-4276-9F89-FEC398871DA8}.Debug|x86.ActiveCfg = Debug|Any CPU
		{E2A85DB3-32F6-4276-9F89-FEC398871DA8}.Debug|x86.Build.0 = Debug|Any CPU
		{E2A85DB3-32F6-4276-9F89-FEC398871DA8}.Integration|Any CPU.ActiveCfg = Debug|Any CPU
		{E2A85DB3-32F6-4276-9F89-FEC398871DA8}.Integration|Any CPU.Build.0 = Debug|Any CPU
		{E2A85DB3-32F6-4276-9F89-FEC398871DA8}.Integration|x64.ActiveCfg = Debug|Any CPU
		{E2A85DB3-32F6-4276-9F89-FEC398871DA8}.Integration|x64.Build.0 = Debug|Any CPU
		{E2A85DB3-32F6-4276-9F89-FEC398871DA8}.Integration|x86.ActiveCfg = Debug|Any CPU
		{E2A85DB3-32F6-4276-9F89-FEC398871DA8}.Integration|x86.Build.0 = Debug|Any CPU
		{E2A85DB3-32F6-4276-9F89-FEC398871DA8}.PreProduction_withUpdateService|Any CPU.ActiveCfg = Debug|Any CPU
		{E2A85DB3-32F6-4276-9F89-FEC398871DA8}.PreProduction_withUpdateService|Any CPU.Build.0 = Debug|Any CPU
		{E2A85DB3-32F6-4276-9F89-FEC398871DA8}.PreProduction_withUpdateService|x64.ActiveCfg = Debug|Any CPU
		{E2A85DB3-32F6-4276-9F89-FEC398871DA8}.PreProduction_withUpdateService|x64.Build.0 = Debug|Any CPU
		{E2A85DB3-32F6-4276-9F89-FEC398871DA8}.PreProduction_withUpdateService|x86.ActiveCfg = Debug|Any CPU
		{E2A85DB3-32F6-4276-9F89-FEC398871DA8}.PreProduction_withUpdateService|x86.Build.0 = Debug|Any CPU
		{E2A85DB3-32F6-4276-9F89-FEC398871DA8}.PreProduction|Any CPU.ActiveCfg = Debug|Any CPU
		{E2A85DB3-32F6-4276-9F89-FEC398871DA8}.PreProduction|Any CPU.Build.0 = Debug|Any CPU
		{E2A85DB3-32F6-4276-9F89-FEC398871DA8}.PreProduction|x64.ActiveCfg = Debug|Any CPU
		{E2A85DB3-32F6-4276-9F89-FEC398871DA8}.PreProduction|x64.Build.0 = Debug|Any CPU
		{E2A85DB3-32F6-4276-9F89-FEC398871DA8}.PreProduction|x86.ActiveCfg = Debug|Any CPU
		{E2A85DB3-32F6-4276-9F89-FEC398871DA8}.PreProduction|x86.Build.0 = Debug|Any CPU
		{E2A85DB3-32F6-4276-9F89-FEC398871DA8}.Release|Any CPU.ActiveCfg = Release|Any CPU
		{E2A85DB3-32F6-4276-9F89-FEC398871DA8}.Release|Any CPU.Build.0 = Release|Any CPU
		{E2A85DB3-32F6-4276-9F89-FEC398871DA8}.Release|x64.ActiveCfg = Release|Any CPU
		{E2A85DB3-32F6-4276-9F89-FEC398871DA8}.Release|x64.Build.0 = Release|Any CPU
		{E2A85DB3-32F6-4276-9F89-FEC398871DA8}.Release|x86.ActiveCfg = Release|Any CPU
		{E2A85DB3-32F6-4276-9F89-FEC398871DA8}.Release|x86.Build.0 = Release|Any CPU
		{E2A85DB3-32F6-4276-9F89-FEC398871DA8}.UAT|Any CPU.ActiveCfg = Debug|Any CPU
		{E2A85DB3-32F6-4276-9F89-FEC398871DA8}.UAT|Any CPU.Build.0 = Debug|Any CPU
		{E2A85DB3-32F6-4276-9F89-FEC398871DA8}.UAT|x64.ActiveCfg = Debug|Any CPU
		{E2A85DB3-32F6-4276-9F89-FEC398871DA8}.UAT|x64.Build.0 = Debug|Any CPU
		{E2A85DB3-32F6-4276-9F89-FEC398871DA8}.UAT|x86.ActiveCfg = Debug|Any CPU
		{E2A85DB3-32F6-4276-9F89-FEC398871DA8}.UAT|x86.Build.0 = Debug|Any CPU
		{E913DF58-0698-4AEB-8276-D611EC387B0D}.Debug|Any CPU.ActiveCfg = Debug|Any CPU
		{E913DF58-0698-4AEB-8276-D611EC387B0D}.Debug|Any CPU.Build.0 = Debug|Any CPU
		{E913DF58-0698-4AEB-8276-D611EC387B0D}.Debug|x64.ActiveCfg = Debug|Any CPU
		{E913DF58-0698-4AEB-8276-D611EC387B0D}.Debug|x64.Build.0 = Debug|Any CPU
		{E913DF58-0698-4AEB-8276-D611EC387B0D}.Debug|x86.ActiveCfg = Debug|Any CPU
		{E913DF58-0698-4AEB-8276-D611EC387B0D}.Debug|x86.Build.0 = Debug|Any CPU
		{E913DF58-0698-4AEB-8276-D611EC387B0D}.Integration|Any CPU.ActiveCfg = Debug|Any CPU
		{E913DF58-0698-4AEB-8276-D611EC387B0D}.Integration|Any CPU.Build.0 = Debug|Any CPU
		{E913DF58-0698-4AEB-8276-D611EC387B0D}.Integration|x64.ActiveCfg = Debug|Any CPU
		{E913DF58-0698-4AEB-8276-D611EC387B0D}.Integration|x64.Build.0 = Debug|Any CPU
		{E913DF58-0698-4AEB-8276-D611EC387B0D}.Integration|x86.ActiveCfg = Debug|Any CPU
		{E913DF58-0698-4AEB-8276-D611EC387B0D}.Integration|x86.Build.0 = Debug|Any CPU
		{E913DF58-0698-4AEB-8276-D611EC387B0D}.PreProduction_withUpdateService|Any CPU.ActiveCfg = Debug|Any CPU
		{E913DF58-0698-4AEB-8276-D611EC387B0D}.PreProduction_withUpdateService|Any CPU.Build.0 = Debug|Any CPU
		{E913DF58-0698-4AEB-8276-D611EC387B0D}.PreProduction_withUpdateService|x64.ActiveCfg = Debug|Any CPU
		{E913DF58-0698-4AEB-8276-D611EC387B0D}.PreProduction_withUpdateService|x64.Build.0 = Debug|Any CPU
		{E913DF58-0698-4AEB-8276-D611EC387B0D}.PreProduction_withUpdateService|x86.ActiveCfg = Debug|Any CPU
		{E913DF58-0698-4AEB-8276-D611EC387B0D}.PreProduction_withUpdateService|x86.Build.0 = Debug|Any CPU
		{E913DF58-0698-4AEB-8276-D611EC387B0D}.PreProduction|Any CPU.ActiveCfg = Debug|Any CPU
		{E913DF58-0698-4AEB-8276-D611EC387B0D}.PreProduction|Any CPU.Build.0 = Debug|Any CPU
		{E913DF58-0698-4AEB-8276-D611EC387B0D}.PreProduction|x64.ActiveCfg = Debug|Any CPU
		{E913DF58-0698-4AEB-8276-D611EC387B0D}.PreProduction|x64.Build.0 = Debug|Any CPU
		{E913DF58-0698-4AEB-8276-D611EC387B0D}.PreProduction|x86.ActiveCfg = Debug|Any CPU
		{E913DF58-0698-4AEB-8276-D611EC387B0D}.PreProduction|x86.Build.0 = Debug|Any CPU
		{E913DF58-0698-4AEB-8276-D611EC387B0D}.Release|Any CPU.ActiveCfg = Release|Any CPU
		{E913DF58-0698-4AEB-8276-D611EC387B0D}.Release|Any CPU.Build.0 = Release|Any CPU
		{E913DF58-0698-4AEB-8276-D611EC387B0D}.Release|x64.ActiveCfg = Release|Any CPU
		{E913DF58-0698-4AEB-8276-D611EC387B0D}.Release|x64.Build.0 = Release|Any CPU
		{E913DF58-0698-4AEB-8276-D611EC387B0D}.Release|x86.ActiveCfg = Release|Any CPU
		{E913DF58-0698-4AEB-8276-D611EC387B0D}.Release|x86.Build.0 = Release|Any CPU
		{E913DF58-0698-4AEB-8276-D611EC387B0D}.UAT|Any CPU.ActiveCfg = Debug|Any CPU
		{E913DF58-0698-4AEB-8276-D611EC387B0D}.UAT|Any CPU.Build.0 = Debug|Any CPU
		{E913DF58-0698-4AEB-8276-D611EC387B0D}.UAT|x64.ActiveCfg = Debug|Any CPU
		{E913DF58-0698-4AEB-8276-D611EC387B0D}.UAT|x64.Build.0 = Debug|Any CPU
		{E913DF58-0698-4AEB-8276-D611EC387B0D}.UAT|x86.ActiveCfg = Debug|Any CPU
		{E913DF58-0698-4AEB-8276-D611EC387B0D}.UAT|x86.Build.0 = Debug|Any CPU
	EndGlobalSection
	GlobalSection(SolutionProperties) = preSolution
		HideSolutionNode = FALSE
	EndGlobalSection
	GlobalSection(ExtensibilityGlobals) = postSolution
		SolutionGuid = {059C2D67-9481-44A3-AA3F-B52447C78E64}
	EndGlobalSection
EndGlobal
